# This file was autogenerated by Stack.
# You should not edit this file by hand.
# For more information, please see the documentation at:
#   https://docs.haskellstack.org/en/stable/lock_files

packages:
- completed:
    hackage: rainbow-0.32.0.0@sha256:decdfc343a4fda4b6da3319cbaa134dddb7ead4b6620e2d76140f86dc50e1450,2981
    pantry-tree:
      size: 748
      sha256: 46469ab6e17e7ab5d744de2d9e8dcf9b874b1a9783485efccfd8766799c44054
  original:
    hackage: rainbow-0.32.0.0
snapshots:
- completed:
    size: 525663
    url: https://raw.githubusercontent.com/commercialhaskell/stackage-snapshots/master/lts/14/14.yaml
    sha256: 6edc48df46eb8bf7b861e98dd30d021a92c2e1820c9bb6528aac5d997b0e14ef
  original: lts-14.14
